
Microsoft Visual Studio Solution File, Format Version 12.00
# Visual Studio Version 17
VisualStudioVersion = 17.4.33213.308
MinimumVisualStudioVersion = 10.0.40219.1
Project("{9A19103F-16F7-4668-BE54-9A1E7A4F7556}") = "MyCookbook", "MyCookbook\MyCookbook.csproj", "{CE81B4A9-A140-4959-B132-BC2D31758415}"
EndProject
Project("{FAE04EC0-301F-11D3-BF4B-00C04F79EFBC}") = "LanguageDictionaryCleaner", "LanguageDictionaryCleaner\LanguageDictionaryCleaner.csproj", "{CDA2497E-7492-46B8-A244-8A96608995CB}"
EndProject
Global
	GlobalSection(SolutionConfigurationPlatforms) = preSolution
		Debug|Any CPU = Debug|Any CPU
		Release|Any CPU = Release|Any CPU
	EndGlobalSection
	GlobalSection(ProjectConfigurationPlatforms) = postSolution
		{CE81B4A9-A140-4959-B132-BC2D31758415}.Debug|Any CPU.ActiveCfg = Debug|Any CPU
		{CE81B4A9-A140-4959-B132-BC2D31758415}.Debug|Any CPU.Build.0 = Debug|Any CPU
		{CE81B4A9-A140-4959-B132-BC2D31758415}.Release|Any CPU.ActiveCfg = Release|Any CPU
		{CE81B4A9-A140-4959-B132-BC2D31758415}.Release|Any CPU.Build.0 = Release|Any CPU
		{CDA2497E-7492-46B8-A244-8A96608995CB}.Debug|Any CPU.ActiveCfg = Debug|Any CPU
		{CDA2497E-7492-46B8-A244-8A96608995CB}.Debug|Any CPU.Build.0 = Debug|Any CPU
		{CDA2497E-7492-46B8-A244-8A96608995CB}.Release|Any CPU.ActiveCfg = Release|Any CPU
		{CDA2497E-7492-46B8-A244-8A96608995CB}.Release|Any CPU.Build.0 = Release|Any CPU
	EndGlobalSection
	GlobalSection(SolutionProperties) = preSolution
		HideSolutionNode = FALSE
	EndGlobalSection
	GlobalSection(ExtensibilityGlobals) = postSolution
		SolutionGuid = {E06F1F1F-D636-4F45-BDDE-F3A47D55C863}
	EndGlobalSection
EndGlobal
